
Microsoft Visual Studio Solution File, Format Version 12.00
# Visual Studio Version 16
VisualStudioVersion = 16.0.34301.259
MinimumVisualStudioVersion = 10.0.40219.1
Project("{FAE04EC0-301F-11D3-BF4B-00C04F79EFBC}") = "Iteration", "Iteration.csproj", "{39CB4FB8-2FF9-47A0-9D0D-0CA5DFB2F534}"
EndProject
Global
	GlobalSection(SolutionConfigurationPlatforms) = preSolution
		Debug|Any CPU = Debug|Any CPU
		Release|Any CPU = Release|Any CPU
	EndGlobalSection
	GlobalSection(ProjectConfigurationPlatforms) = postSolution
		{39CB4FB8-2FF9-47A0-9D0D-0CA5DFB2F534}.Debug|Any CPU.ActiveCfg = Debug|Any CPU
		{39CB4FB8-2FF9-47A0-9D0D-0CA5DFB2F534}.Debug|Any CPU.Build.0 = Debug|Any CPU
		{39CB4FB8-2FF9-47A0-9D0D-0CA5DFB2F534}.Release|Any CPU.ActiveCfg = Release|Any CPU
		{39CB4FB8-2FF9-47A0-9D0D-0CA5DFB2F534}.Release|Any CPU.Build.0 = Release|Any CPU
	EndGlobalSection
	GlobalSection(SolutionProperties) = preSolution
		HideSolutionNode = FALSE
	EndGlobalSection
	GlobalSection(ExtensibilityGlobals) = postSolution
		SolutionGuid = {D9F34B3F-6FCD-4FDC-9B7A-756AE1031BB4}
	EndGlobalSection
EndGlobal
